
Microsoft Visual Studio Solution File, Format Version 12.00
# Visual Studio Version 17
VisualStudioVersion = 17.6.33723.286
MinimumVisualStudioVersion = 10.0.40219.1
Project("{FAE04EC0-301F-11D3-BF4B-00C04F79EFBC}") = "ConsoleApp3", "ConsoleApp3\ConsoleApp3.csproj", "{DC488F09-5436-4D98-9DF1-7F4D856A9221}"
EndProject
Project("{FAE04EC0-301F-11D3-BF4B-00C04F79EFBC}") = "PolymorphismHomework", "PolymorphismHomework\PolymorphismHomework.csproj", "{159F5065-FDFB-4214-A8BF-867B08D1F9F4}"
EndProject
Project("{FAE04EC0-301F-11D3-BF4B-00C04F79EFBC}") = "Dairy(milk)", "Dairy(milk)\Dairy(milk).csproj", "{F6C826FB-5CAB-43D0-B484-B8E068815339}"
EndProject
Global
	GlobalSection(SolutionConfigurationPlatforms) = preSolution
		Debug|Any CPU = Debug|Any CPU
		Release|Any CPU = Release|Any CPU
	EndGlobalSection
	GlobalSection(ProjectConfigurationPlatforms) = postSolution
		{DC488F09-5436-4D98-9DF1-7F4D856A9221}.Debug|Any CPU.ActiveCfg = Debug|Any CPU
		{DC488F09-5436-4D98-9DF1-7F4D856A9221}.Debug|Any CPU.Build.0 = Debug|Any CPU
		{DC488F09-5436-4D98-9DF1-7F4D856A9221}.Release|Any CPU.ActiveCfg = Release|Any CPU
		{DC488F09-5436-4D98-9DF1-7F4D856A9221}.Release|Any CPU.Build.0 = Release|Any CPU
		{159F5065-FDFB-4214-A8BF-867B08D1F9F4}.Debug|Any CPU.ActiveCfg = Debug|Any CPU
		{159F5065-FDFB-4214-A8BF-867B08D1F9F4}.Debug|Any CPU.Build.0 = Debug|Any CPU
		{159F5065-FDFB-4214-A8BF-867B08D1F9F4}.Release|Any CPU.ActiveCfg = Release|Any CPU
		{159F5065-FDFB-4214-A8BF-867B08D1F9F4}.Release|Any CPU.Build.0 = Release|Any CPU
		{F6C826FB-5CAB-43D0-B484-B8E068815339}.Debug|Any CPU.ActiveCfg = Debug|Any CPU
		{F6C826FB-5CAB-43D0-B484-B8E068815339}.Debug|Any CPU.Build.0 = Debug|Any CPU
		{F6C826FB-5CAB-43D0-B484-B8E068815339}.Release|Any CPU.ActiveCfg = Release|Any CPU
		{F6C826FB-5CAB-43D0-B484-B8E068815339}.Release|Any CPU.Build.0 = Release|Any CPU
	EndGlobalSection
	GlobalSection(SolutionProperties) = preSolution
		HideSolutionNode = FALSE
	EndGlobalSection
	GlobalSection(ExtensibilityGlobals) = postSolution
		SolutionGuid = {AEB334A8-FE3D-490E-9459-D51B286EAC30}
	EndGlobalSection
EndGlobal
